
Microsoft Visual Studio Solution File, Format Version 12.00
# Visual Studio Version 17
VisualStudioVersion = 17.0.31903.59
MinimumVisualStudioVersion = 10.0.40219.1
Project("{9A19103F-16F7-4668-BE54-9A1E7A4F7556}") = "Coensio", "Coensio\Coensio.csproj", "{B9BBA056-E96E-4850-9B0C-52D45D61297F}"
EndProject
Project("{E53339B2-1760-4266-BCC7-CA923CBCF16C}") = "docker-compose", "docker-compose.dcproj", "{43C7A00B-E395-4880-A4C0-17CF38665AC8}"
EndProject
Project("{9A19103F-16F7-4668-BE54-9A1E7A4F7556}") = "Coensio.Consumer", "Coensio.Consumer\Coensio.Consumer.csproj", "{BD00319A-56E2-47AA-9D8D-64CEAAC15DDB}"
EndProject
Project("{9A19103F-16F7-4668-BE54-9A1E7A4F7556}") = "Coensio.Contract", "Coensio.Contract\Coensio.Contract.csproj", "{8053437B-B67A-4AC2-8FDF-6A196CF899AF}"
EndProject
Global
	GlobalSection(SolutionConfigurationPlatforms) = preSolution
		Debug|Any CPU = Debug|Any CPU
		Release|Any CPU = Release|Any CPU
	EndGlobalSection
	GlobalSection(ProjectConfigurationPlatforms) = postSolution
		{B9BBA056-E96E-4850-9B0C-52D45D61297F}.Debug|Any CPU.ActiveCfg = Debug|Any CPU
		{B9BBA056-E96E-4850-9B0C-52D45D61297F}.Debug|Any CPU.Build.0 = Debug|Any CPU
		{B9BBA056-E96E-4850-9B0C-52D45D61297F}.Release|Any CPU.ActiveCfg = Release|Any CPU
		{B9BBA056-E96E-4850-9B0C-52D45D61297F}.Release|Any CPU.Build.0 = Release|Any CPU
		{43C7A00B-E395-4880-A4C0-17CF38665AC8}.Debug|Any CPU.ActiveCfg = Debug|Any CPU
		{43C7A00B-E395-4880-A4C0-17CF38665AC8}.Debug|Any CPU.Build.0 = Debug|Any CPU
		{43C7A00B-E395-4880-A4C0-17CF38665AC8}.Release|Any CPU.ActiveCfg = Release|Any CPU
		{43C7A00B-E395-4880-A4C0-17CF38665AC8}.Release|Any CPU.Build.0 = Release|Any CPU
		{BD00319A-56E2-47AA-9D8D-64CEAAC15DDB}.Debug|Any CPU.ActiveCfg = Debug|Any CPU
		{BD00319A-56E2-47AA-9D8D-64CEAAC15DDB}.Debug|Any CPU.Build.0 = Debug|Any CPU
		{BD00319A-56E2-47AA-9D8D-64CEAAC15DDB}.Release|Any CPU.ActiveCfg = Release|Any CPU
		{BD00319A-56E2-47AA-9D8D-64CEAAC15DDB}.Release|Any CPU.Build.0 = Release|Any CPU
		{8053437B-B67A-4AC2-8FDF-6A196CF899AF}.Debug|Any CPU.ActiveCfg = Debug|Any CPU
		{8053437B-B67A-4AC2-8FDF-6A196CF899AF}.Debug|Any CPU.Build.0 = Debug|Any CPU
		{8053437B-B67A-4AC2-8FDF-6A196CF899AF}.Release|Any CPU.ActiveCfg = Release|Any CPU
		{8053437B-B67A-4AC2-8FDF-6A196CF899AF}.Release|Any CPU.Build.0 = Release|Any CPU
	EndGlobalSection
	GlobalSection(SolutionProperties) = preSolution
		HideSolutionNode = FALSE
	EndGlobalSection
	GlobalSection(ExtensibilityGlobals) = postSolution
		SolutionGuid = {07A0B4A3-9D0D-4971-8D66-62AE46FAF08F}
	EndGlobalSection
EndGlobal
